{
  "lockfileVersion": 1,
  "workspaces": {
    "": {
      "name": "blog",
      "dependencies": {
        "@elysiajs/cors": "^1.4.0",
        "@elysiajs/openapi": "^1.4.11",
        "elysia": "^1.4.15",
        "tailwindcss": "^4.1.17",
        "zod": "^4.1.12",
      },
      "devDependencies": {
        "@types/bun": "^1.3.1",
        "oxlint": "^1.26.0",
        "oxlint-tsgolint": "^0.5.1",
        "prettier": "^3.6.2",
      },
    },
  },
  "packages": {
    "@borewit/text-codec": ["@borewit/text-codec@0.1.1", "", {}, "sha512-5L/uBxmjaCIX5h8Z+uu+kA9BQLkc/Wl06UGR5ajNRxu+/XjonB5i8JpgFMrPj3LXTCPA0pv8yxUvbUi+QthGGA=="],

    "@elysiajs/cors": ["@elysiajs/cors@1.4.0", "", { "peerDependencies": { "elysia": ">= 1.4.0" } }, "sha512-pb0SCzBfFbFSYA/U40HHO7R+YrcXBJXOWgL20eSViK33ol1e20ru2/KUaZYo5IMUn63yaTJI/bQERuQ+77ND8g=="],

    "@elysiajs/openapi": ["@elysiajs/openapi@1.4.11", "", { "peerDependencies": { "elysia": ">= 1.4.0" } }, "sha512-d75bMxYJpN6qSDi/z9L1S7SLk1S/8Px+cTb3W2lrYzU8uQ5E0kXdy1oOMJEfTyVsz3OA19NP9KNxE7ztSbLBLg=="],

    "@oxlint-tsgolint/darwin-arm64": ["@oxlint-tsgolint/darwin-arm64@0.5.1", "", { "os": "darwin", "cpu": "arm64" }, "sha512-UufHg95w3mto7D78QJkrBfxJlTBSQYj/6nAgfK8L/hBXMEt79VfEF2SyjByiDd98/QWqMygEt5b9rnfFtwLgRQ=="],

    "@oxlint-tsgolint/darwin-x64": ["@oxlint-tsgolint/darwin-x64@0.5.1", "", { "os": "darwin", "cpu": "x64" }, "sha512-BlDTfMxx9SV7rDsW5on74zG0pHs5iomeynfjdigqRb7BULpoJRXKW3vgRvnkOgNE5qqV2KLduAuC0gBFj+hJRw=="],

    "@oxlint-tsgolint/linux-arm64": ["@oxlint-tsgolint/linux-arm64@0.5.1", "", { "os": "linux", "cpu": "arm64" }, "sha512-O5R+HVBS2jCrO99Tv/SeUn5ExlYMhH10X2gzLq7W2F9Jl6PuhZvAKr+pSOLkbJArgLpn20glM6Q2E9lT3ckBQQ=="],

    "@oxlint-tsgolint/linux-x64": ["@oxlint-tsgolint/linux-x64@0.5.1", "", { "os": "linux", "cpu": "x64" }, "sha512-TuzApYs7FFawPlQYePYmtNdf518EsuEUzbOTDb7OUYrepNbBXAgsilyiUoyRCd/NLcThh5JYXCW72yjTEmnBWw=="],

    "@oxlint-tsgolint/win32-arm64": ["@oxlint-tsgolint/win32-arm64@0.5.1", "", { "os": "win32", "cpu": "arm64" }, "sha512-MxPYy8PCjobXuw6Z6yh+oHIYjlUIipZHvWU+6FX6vbwZn89iBLkJcw2Umzte/ceYZ7rPYNKbjCdD+ZY084US9g=="],

    "@oxlint-tsgolint/win32-x64": ["@oxlint-tsgolint/win32-x64@0.5.1", "", { "os": "win32", "cpu": "x64" }, "sha512-gGZafigorGdySViM5M1KIJOgsaYP9U6Fu2AoGosJiOwfPBBCJNo9KLrb2XyUJD08CPxK4wHdb0oBeOLm4IXgkQ=="],

    "@oxlint/darwin-arm64": ["@oxlint/darwin-arm64@1.26.0", "", { "os": "darwin", "cpu": "arm64" }, "sha512-kTmm1opqyn7iZopWHO3Ml4D/44pA5eknZBepgxCnTaPrW8XgCEUI85Q5AvOOvoNve8NziTYb8ax+CyuGJIgn/Q=="],

    "@oxlint/darwin-x64": ["@oxlint/darwin-x64@1.26.0", "", { "os": "darwin", "cpu": "x64" }, "sha512-/hMfZ9j7ZzVPRmMm02PHNc6MIMk0QYv5VowZJRIp40YLqLPvFfGNGZBj8e1fDVgZMFEGWDQK3yrt1uBKxXAK4Q=="],

    "@oxlint/linux-arm64-gnu": ["@oxlint/linux-arm64-gnu@1.26.0", "", { "os": "linux", "cpu": "arm64" }, "sha512-iv4wdrwdCa8bhJxOpKlvfxqTs0LgW5tKBUMvH9B13zREHm1xT9JRZ8cQbbKiyC6LNdggwu5S6TSvODgAu7/DlA=="],

    "@oxlint/linux-arm64-musl": ["@oxlint/linux-arm64-musl@1.26.0", "", { "os": "linux", "cpu": "arm64" }, "sha512-a3gTbnN1JzedxqYeGTkg38BAs/r3Krd2DPNs/MF7nnHthT3RzkPUk47isMePLuNc4e/Weljn7m2m/Onx22tiNg=="],

    "@oxlint/linux-x64-gnu": ["@oxlint/linux-x64-gnu@1.26.0", "", { "os": "linux", "cpu": "x64" }, "sha512-cCAyqyuKpFImjlgiBuuwSF+aDBW2h19/aCmHMTMSp6KXwhoQK7/Xx7/EhZKP5wiQJzVUYq5fXr0D8WmpLGsjRg=="],

    "@oxlint/linux-x64-musl": ["@oxlint/linux-x64-musl@1.26.0", "", { "os": "linux", "cpu": "x64" }, "sha512-8VOJ4vQo0G1tNdaghxrWKjKZGg73tv+FoMDrtNYuUesqBHZN68FkYCsgPwEsacLhCmtoZrkF3ePDWDuWEpDyAg=="],

    "@oxlint/win32-arm64": ["@oxlint/win32-arm64@1.26.0", "", { "os": "win32", "cpu": "arm64" }, "sha512-N8KUtzP6gfEHKvaIBZCS9g8wRfqV5v55a/B8iJjIEhtMehcEM+UX+aYRsQ4dy5oBCrK3FEp4Yy/jHgb0moLm3Q=="],

    "@oxlint/win32-x64": ["@oxlint/win32-x64@1.26.0", "", { "os": "win32", "cpu": "x64" }, "sha512-7tCyG0laduNQ45vzB9blVEGq/6DOvh7AFmiUAana8mTp0zIKQQmwJ21RqhazH0Rk7O6lL7JYzKcu+zaJHGpRLA=="],

    "@sinclair/typebox": ["@sinclair/typebox@0.34.41", "", {}, "sha512-6gS8pZzSXdyRHTIqoqSVknxolr1kzfy4/CeDnrzsVz8TTIWUbOBr6gnzOmTYJ3eXQNh4IYHIGi5aIL7sOZ2G/g=="],

    "@tokenizer/inflate": ["@tokenizer/inflate@0.2.7", "", { "dependencies": { "debug": "^4.4.0", "fflate": "^0.8.2", "token-types": "^6.0.0" } }, "sha512-MADQgmZT1eKjp06jpI2yozxaU9uVs4GzzgSL+uEq7bVcJ9V1ZXQkeGNql1fsSI0gMy1vhvNTNbUqrx+pZfJVmg=="],

    "@tokenizer/token": ["@tokenizer/token@0.3.0", "", {}, "sha512-OvjF+z51L3ov0OyAU0duzsYuvO01PH7x4t6DJx+guahgTnBHkhJdG7soQeTSFLWN3efnHyibZ4Z8l2EuWwJN3A=="],

    "@types/bun": ["@types/bun@1.3.1", "", { "dependencies": { "bun-types": "1.3.1" } }, "sha512-4jNMk2/K9YJtfqwoAa28c8wK+T7nvJFOjxI4h/7sORWcypRNxBpr+TPNaCfVWq70tLCJsqoFwcf0oI0JU/fvMQ=="],

    "@types/node": ["@types/node@24.10.0", "", { "dependencies": { "undici-types": "~7.16.0" } }, "sha512-qzQZRBqkFsYyaSWXuEHc2WR9c0a0CXwiE5FWUvn7ZM+vdy1uZLfCunD38UzhuB7YN/J11ndbDBcTmOdxJo9Q7A=="],

    "@types/react": ["@types/react@19.2.2", "", { "dependencies": { "csstype": "^3.0.2" } }, "sha512-6mDvHUFSjyT2B2yeNx2nUgMxh9LtOWvkhIU3uePn2I2oyNymUAX1NIsdgviM4CH+JSrp2D2hsMvJOkxY+0wNRA=="],

    "bun-types": ["bun-types@1.3.1", "", { "dependencies": { "@types/node": "*" }, "peerDependencies": { "@types/react": "^19" } }, "sha512-NMrcy7smratanWJ2mMXdpatalovtxVggkj11bScuWuiOoXTiKIu2eVS1/7qbyI/4yHedtsn175n4Sm4JcdHLXw=="],

    "cookie": ["cookie@1.0.2", "", {}, "sha512-9Kr/j4O16ISv8zBBhJoi4bXOYNTkFLOqSL3UDB0njXxCXNezjeyVrJyGOWtgfs/q2km1gwBcfH8q1yEGoMYunA=="],

    "csstype": ["csstype@3.1.3", "", {}, "sha512-M1uQkMl8rQK/szD0LNhtqxIPLpimGm8sOBwU7lLnCpSbTyY3yeU1Vc7l4KT5zT4s/yOxHH5O7tIuuLOCnLADRw=="],

    "debug": ["debug@4.4.3", "", { "dependencies": { "ms": "^2.1.3" } }, "sha512-RGwwWnwQvkVfavKVt22FGLw+xYSdzARwm0ru6DhTVA3umU5hZc28V3kO4stgYryrTlLpuvgI9GiijltAjNbcqA=="],

    "elysia": ["elysia@1.4.15", "", { "dependencies": { "cookie": "^1.0.2", "exact-mirror": "0.2.2", "fast-decode-uri-component": "^1.0.1", "memoirist": "^0.4.0" }, "peerDependencies": { "@sinclair/typebox": ">= 0.34.0 < 1", "@types/bun": ">= 1.2.0", "file-type": ">= 20.0.0", "openapi-types": ">= 12.0.0", "typescript": ">= 5.0.0" }, "optionalPeers": ["@types/bun", "typescript"] }, "sha512-RaDqqZdLuC4UJetfVRQ4Z5aVpGgEtQ+pZnsbI4ZzEaf3l/MzuHcqSVoL/Fue3d6qE4RV9HMB2rAZaHyPIxkyzg=="],

    "exact-mirror": ["exact-mirror@0.2.2", "", { "peerDependencies": { "@sinclair/typebox": "^0.34.15" }, "optionalPeers": ["@sinclair/typebox"] }, "sha512-CrGe+4QzHZlnrXZVlo/WbUZ4qQZq8C0uATQVGVgXIrNXgHDBBNFD1VRfssRA2C9t3RYvh3MadZSdg2Wy7HBoQA=="],

    "fast-decode-uri-component": ["fast-decode-uri-component@1.0.1", "", {}, "sha512-WKgKWg5eUxvRZGwW8FvfbaH7AXSh2cL+3j5fMGzUMCxWBJ3dV3a7Wz8y2f/uQ0e3B6WmodD3oS54jTQ9HVTIIg=="],

    "fflate": ["fflate@0.8.2", "", {}, "sha512-cPJU47OaAoCbg0pBvzsgpTPhmhqI5eJjh/JIu8tPj5q+T7iLvW/JAYUqmE7KOB4R1ZyEhzBaIQpQpardBF5z8A=="],

    "file-type": ["file-type@21.0.0", "", { "dependencies": { "@tokenizer/inflate": "^0.2.7", "strtok3": "^10.2.2", "token-types": "^6.0.0", "uint8array-extras": "^1.4.0" } }, "sha512-ek5xNX2YBYlXhiUXui3D/BXa3LdqPmoLJ7rqEx2bKJ7EAUEfmXgW0Das7Dc6Nr9MvqaOnIqiPV0mZk/r/UpNAg=="],

    "ieee754": ["ieee754@1.2.1", "", {}, "sha512-dcyqhDvX1C46lXZcVqCpK+FtMRQVdIMN6/Df5js2zouUsqG7I6sFxitIC+7KYK29KdXOLHdu9zL4sFnoVQnqaA=="],

    "memoirist": ["memoirist@0.4.0", "", {}, "sha512-zxTgA0mSYELa66DimuNQDvyLq36AwDlTuVRbnQtB+VuTcKWm5Qc4z3WkSpgsFWHNhexqkIooqpv4hdcqrX5Nmg=="],

    "ms": ["ms@2.1.3", "", {}, "sha512-6FlzubTLZG3J2a/NVCAleEhjzq5oxgHyaCU9yYXvcLsvoVaHJq/s5xXI6/XXP6tz7R9xAOtHnSO/tXtF3WRTlA=="],

    "openapi-types": ["openapi-types@12.1.3", "", {}, "sha512-N4YtSYJqghVu4iek2ZUvcN/0aqH1kRDuNqzcycDxhOUpg7GdvLa2F3DgS6yBNhInhv2r/6I0Flkn7CqL8+nIcw=="],

    "oxlint": ["oxlint@1.26.0", "", { "optionalDependencies": { "@oxlint/darwin-arm64": "1.26.0", "@oxlint/darwin-x64": "1.26.0", "@oxlint/linux-arm64-gnu": "1.26.0", "@oxlint/linux-arm64-musl": "1.26.0", "@oxlint/linux-x64-gnu": "1.26.0", "@oxlint/linux-x64-musl": "1.26.0", "@oxlint/win32-arm64": "1.26.0", "@oxlint/win32-x64": "1.26.0" }, "peerDependencies": { "oxlint-tsgolint": ">=0.4.0" }, "optionalPeers": ["oxlint-tsgolint"], "bin": { "oxlint": "bin/oxlint", "oxc_language_server": "bin/oxc_language_server" } }, "sha512-KRpL+SMi07JQyggv5ldIF+wt2pnrKm8NLW0B+8bK+0HZsLmH9/qGA+qMWie5Vf7lnlMBllJmsuzHaKFEGY3rIA=="],

    "oxlint-tsgolint": ["oxlint-tsgolint@0.5.1", "", { "optionalDependencies": { "@oxlint-tsgolint/darwin-arm64": "0.5.1", "@oxlint-tsgolint/darwin-x64": "0.5.1", "@oxlint-tsgolint/linux-arm64": "0.5.1", "@oxlint-tsgolint/linux-x64": "0.5.1", "@oxlint-tsgolint/win32-arm64": "0.5.1", "@oxlint-tsgolint/win32-x64": "0.5.1" }, "bin": { "tsgolint": "bin/tsgolint.js" } }, "sha512-C1MgHZRjs1uWJzRybwxlqHm2qvv8KrX0sEfZIaIWphJ9FJG5aUqEkGGa2Oug48hUgNbFgNB+KUpO7d8+7raAZQ=="],

    "prettier": ["prettier@3.6.2", "", { "bin": { "prettier": "bin/prettier.cjs" } }, "sha512-I7AIg5boAr5R0FFtJ6rCfD+LFsWHp81dolrFD8S79U9tb8Az2nGrJncnMSnys+bpQJfRUzqs9hnA81OAA3hCuQ=="],

    "strtok3": ["strtok3@10.3.4", "", { "dependencies": { "@tokenizer/token": "^0.3.0" } }, "sha512-KIy5nylvC5le1OdaaoCJ07L+8iQzJHGH6pWDuzS+d07Cu7n1MZ2x26P8ZKIWfbK02+XIL8Mp4RkWeqdUCrDMfg=="],

    "tailwindcss": ["tailwindcss@4.1.17", "", {}, "sha512-j9Ee2YjuQqYT9bbRTfTZht9W/ytp5H+jJpZKiYdP/bpnXARAuELt9ofP0lPnmHjbga7SNQIxdTAXCmtKVYjN+Q=="],

    "token-types": ["token-types@6.1.1", "", { "dependencies": { "@borewit/text-codec": "^0.1.0", "@tokenizer/token": "^0.3.0", "ieee754": "^1.2.1" } }, "sha512-kh9LVIWH5CnL63Ipf0jhlBIy0UsrMj/NJDfpsy1SqOXlLKEVyXXYrnFxFT1yOOYVGBSApeVnjPw/sBz5BfEjAQ=="],

    "uint8array-extras": ["uint8array-extras@1.5.0", "", {}, "sha512-rvKSBiC5zqCCiDZ9kAOszZcDvdAHwwIKJG33Ykj43OKcWsnmcBRL09YTU4nOeHZ8Y2a7l1MgTd08SBe9A8Qj6A=="],

    "undici-types": ["undici-types@7.16.0", "", {}, "sha512-Zz+aZWSj8LE6zoxD+xrjh4VfkIG8Ya6LvYkZqtUQGJPZjYl53ypCaUwWqo7eI0x66KBGeRo+mlBEkMSeSZ38Nw=="],

    "zod": ["zod@4.1.12", "", {}, "sha512-JInaHOamG8pt5+Ey8kGmdcAcg3OL9reK8ltczgHTAwNhMys/6ThXHityHxVV2p3fkw/c+MAvBHFVYHFZDmjMCQ=="],
  }
}
